
Microsoft Visual Studio Solution File, Format Version 11.00
# Visual Studio 2010
Project("{8BC9CEB8-8B4A-11D0-8D11-00A0C91BC942}") = "zadanie7", "zadanie7\zadanie7.vcxproj", "{3430FCC0-8883-4379-8063-C5CC13349A07}"
EndProject
Global
	GlobalSection(SolutionConfigurationPlatforms) = preSolution
		Debug|Win32 = Debug|Win32
		Release|Win32 = Release|Win32
	EndGlobalSection
	GlobalSection(ProjectConfigurationPlatforms) = postSolution
		{3430FCC0-8883-4379-8063-C5CC13349A07}.Debug|Win32.ActiveCfg = Debug|Win32
		{3430FCC0-8883-4379-8063-C5CC13349A07}.Debug|Win32.Build.0 = Debug|Win32
		{3430FCC0-8883-4379-8063-C5CC13349A07}.Release|Win32.ActiveCfg = Release|Win32
		{3430FCC0-8883-4379-8063-C5CC13349A07}.Release|Win32.Build.0 = Release|Win32
	EndGlobalSection
	GlobalSection(SolutionProperties) = preSolution
		HideSolutionNode = FALSE
	EndGlobalSection
EndGlobal
