
Microsoft Visual Studio Solution File, Format Version 11.00
# Visual Studio 2010
Project("{8BC9CEB8-8B4A-11D0-8D11-00A0C91BC942}") = "zadanie4", "zadanie4\zadanie4.vcxproj", "{B8E116CE-86E6-4E86-A79A-25F2F1054AAE}"
EndProject
Global
	GlobalSection(SolutionConfigurationPlatforms) = preSolution
		Debug|Win32 = Debug|Win32
		Release|Win32 = Release|Win32
	EndGlobalSection
	GlobalSection(ProjectConfigurationPlatforms) = postSolution
		{B8E116CE-86E6-4E86-A79A-25F2F1054AAE}.Debug|Win32.ActiveCfg = Debug|Win32
		{B8E116CE-86E6-4E86-A79A-25F2F1054AAE}.Debug|Win32.Build.0 = Debug|Win32
		{B8E116CE-86E6-4E86-A79A-25F2F1054AAE}.Release|Win32.ActiveCfg = Release|Win32
		{B8E116CE-86E6-4E86-A79A-25F2F1054AAE}.Release|Win32.Build.0 = Release|Win32
	EndGlobalSection
	GlobalSection(SolutionProperties) = preSolution
		HideSolutionNode = FALSE
	EndGlobalSection
EndGlobal
